
Microsoft Visual Studio Solution File, Format Version 12.00
# Visual Studio Version 17
VisualStudioVersion = 17.2.32630.192
MinimumVisualStudioVersion = 10.0.40219.1
Project("{8BC9CEB8-8B4A-11D0-8D11-00A0C91BC942}") = "Project1", "Project1\Project1.vcxproj", "{D4111866-6DD4-43E1-AB1D-F2A6E14837DA}"
EndProject
Project("{8BC9CEB8-8B4A-11D0-8D11-00A0C91BC942}") = "FlappyBird", "FlappyBird\FlappyBird.vcxproj", "{6AF48AE9-012E-4FDE-B92D-1955163B134E}"
EndProject
Project("{8BC9CEB8-8B4A-11D0-8D11-00A0C91BC942}") = "Asteroids", "Asteroids\Asteroids.vcxproj", "{8C1393D5-6F31-429C-8CE4-D217835A63AD}"
EndProject
Project("{8BC9CEB8-8B4A-11D0-8D11-00A0C91BC942}") = "Pathfinding", "Pathfinding\Pathfinding.vcxproj", "{9F5B0618-BA86-48AF-A47D-224328E79E2C}"
EndProject
Project("{8BC9CEB8-8B4A-11D0-8D11-00A0C91BC942}") = "Contra", "Contra\Contra.vcxproj", "{B9A37B26-BB18-4F78-B50D-183E31162F7D}"
EndProject
Global
	GlobalSection(SolutionConfigurationPlatforms) = preSolution
		Debug|x64 = Debug|x64
		Debug|x86 = Debug|x86
		Release|x64 = Release|x64
		Release|x86 = Release|x86
	EndGlobalSection
	GlobalSection(ProjectConfigurationPlatforms) = postSolution
		{D4111866-6DD4-43E1-AB1D-F2A6E14837DA}.Debug|x64.ActiveCfg = Debug|x64
		{D4111866-6DD4-43E1-AB1D-F2A6E14837DA}.Debug|x64.Build.0 = Debug|x64
		{D4111866-6DD4-43E1-AB1D-F2A6E14837DA}.Debug|x86.ActiveCfg = Debug|Win32
		{D4111866-6DD4-43E1-AB1D-F2A6E14837DA}.Debug|x86.Build.0 = Debug|Win32
		{D4111866-6DD4-43E1-AB1D-F2A6E14837DA}.Release|x64.ActiveCfg = Release|x64
		{D4111866-6DD4-43E1-AB1D-F2A6E14837DA}.Release|x64.Build.0 = Release|x64
		{D4111866-6DD4-43E1-AB1D-F2A6E14837DA}.Release|x86.ActiveCfg = Release|Win32
		{D4111866-6DD4-43E1-AB1D-F2A6E14837DA}.Release|x86.Build.0 = Release|Win32
		{6AF48AE9-012E-4FDE-B92D-1955163B134E}.Debug|x64.ActiveCfg = Debug|x64
		{6AF48AE9-012E-4FDE-B92D-1955163B134E}.Debug|x64.Build.0 = Debug|x64
		{6AF48AE9-012E-4FDE-B92D-1955163B134E}.Debug|x86.ActiveCfg = Debug|Win32
		{6AF48AE9-012E-4FDE-B92D-1955163B134E}.Debug|x86.Build.0 = Debug|Win32
		{6AF48AE9-012E-4FDE-B92D-1955163B134E}.Release|x64.ActiveCfg = Release|x64
		{6AF48AE9-012E-4FDE-B92D-1955163B134E}.Release|x64.Build.0 = Release|x64
		{6AF48AE9-012E-4FDE-B92D-1955163B134E}.Release|x86.ActiveCfg = Release|Win32
		{6AF48AE9-012E-4FDE-B92D-1955163B134E}.Release|x86.Build.0 = Release|Win32
		{8C1393D5-6F31-429C-8CE4-D217835A63AD}.Debug|x64.ActiveCfg = Debug|x64
		{8C1393D5-6F31-429C-8CE4-D217835A63AD}.Debug|x64.Build.0 = Debug|x64
		{8C1393D5-6F31-429C-8CE4-D217835A63AD}.Debug|x86.ActiveCfg = Debug|Win32
		{8C1393D5-6F31-429C-8CE4-D217835A63AD}.Debug|x86.Build.0 = Debug|Win32
		{8C1393D5-6F31-429C-8CE4-D217835A63AD}.Release|x64.ActiveCfg = Release|x64
		{8C1393D5-6F31-429C-8CE4-D217835A63AD}.Release|x64.Build.0 = Release|x64
		{8C1393D5-6F31-429C-8CE4-D217835A63AD}.Release|x86.ActiveCfg = Release|Win32
		{8C1393D5-6F31-429C-8CE4-D217835A63AD}.Release|x86.Build.0 = Release|Win32
		{9F5B0618-BA86-48AF-A47D-224328E79E2C}.Debug|x64.ActiveCfg = Debug|x64
		{9F5B0618-BA86-48AF-A47D-224328E79E2C}.Debug|x64.Build.0 = Debug|x64
		{9F5B0618-BA86-48AF-A47D-224328E79E2C}.Debug|x86.ActiveCfg = Debug|Win32
		{9F5B0618-BA86-48AF-A47D-224328E79E2C}.Debug|x86.Build.0 = Debug|Win32
		{9F5B0618-BA86-48AF-A47D-224328E79E2C}.Release|x64.ActiveCfg = Release|x64
		{9F5B0618-BA86-48AF-A47D-224328E79E2C}.Release|x64.Build.0 = Release|x64
		{9F5B0618-BA86-48AF-A47D-224328E79E2C}.Release|x86.ActiveCfg = Release|Win32
		{9F5B0618-BA86-48AF-A47D-224328E79E2C}.Release|x86.Build.0 = Release|Win32
		{B9A37B26-BB18-4F78-B50D-183E31162F7D}.Debug|x64.ActiveCfg = Debug|x64
		{B9A37B26-BB18-4F78-B50D-183E31162F7D}.Debug|x64.Build.0 = Debug|x64
		{B9A37B26-BB18-4F78-B50D-183E31162F7D}.Debug|x86.ActiveCfg = Debug|Win32
		{B9A37B26-BB18-4F78-B50D-183E31162F7D}.Debug|x86.Build.0 = Debug|Win32
		{B9A37B26-BB18-4F78-B50D-183E31162F7D}.Release|x64.ActiveCfg = Release|x64
		{B9A37B26-BB18-4F78-B50D-183E31162F7D}.Release|x64.Build.0 = Release|x64
		{B9A37B26-BB18-4F78-B50D-183E31162F7D}.Release|x86.ActiveCfg = Release|Win32
		{B9A37B26-BB18-4F78-B50D-183E31162F7D}.Release|x86.Build.0 = Release|Win32
	EndGlobalSection
	GlobalSection(SolutionProperties) = preSolution
		HideSolutionNode = FALSE
	EndGlobalSection
	GlobalSection(ExtensibilityGlobals) = postSolution
		SolutionGuid = {5ECF92C7-C0D4-42D4-A25D-60CF4968851A}
	EndGlobalSection
EndGlobal
